{
  "originHash" : "6973dce9dd61e88f8dd2b9df52e3820a47774556524995808a2eafcac129364e",
  "pins" : [
    {
      "identity" : "networklayer",
      "kind" : "remoteSourceControl",
      "location" : "https://github.com/alpergk/NetworkLayer.git",
      "state" : {
        "branch" : "main",
        "revision" : "27e99733e1dc1aa21b8d1201242e01bf5fa051a4"
      }
    }
  ],
  "version" : 3
}
